
Microsoft Visual Studio Solution File, Format Version 12.00
# Visual Studio Version 16
VisualStudioVersion = 16.0.31605.320
MinimumVisualStudioVersion = 10.0.40219.1
Project("{FAE04EC0-301F-11D3-BF4B-00C04F79EFBC}") = "WebApi", "WebApi\WebApi.csproj", "{2B3D20CC-1A8B-4C35-BE1F-C2BAA0FF0654}"
EndProject
Global
	GlobalSection(SolutionConfigurationPlatforms) = preSolution
		Debug|Any CPU = Debug|Any CPU
		Release|Any CPU = Release|Any CPU
	EndGlobalSection
	GlobalSection(ProjectConfigurationPlatforms) = postSolution
		{2B3D20CC-1A8B-4C35-BE1F-C2BAA0FF0654}.Debug|Any CPU.ActiveCfg = Debug|Any CPU
		{2B3D20CC-1A8B-4C35-BE1F-C2BAA0FF0654}.Debug|Any CPU.Build.0 = Debug|Any CPU
		{2B3D20CC-1A8B-4C35-BE1F-C2BAA0FF0654}.Release|Any CPU.ActiveCfg = Release|Any CPU
		{2B3D20CC-1A8B-4C35-BE1F-C2BAA0FF0654}.Release|Any CPU.Build.0 = Release|Any CPU
	EndGlobalSection
	GlobalSection(SolutionProperties) = preSolution
		HideSolutionNode = FALSE
	EndGlobalSection
	GlobalSection(ExtensibilityGlobals) = postSolution
		SolutionGuid = {E1F081D9-1253-406E-B89E-37E1F7F3E691}
	EndGlobalSection
EndGlobal
